
Microsoft Visual Studio Solution File, Format Version 12.00
# Visual Studio Version 17
VisualStudioVersion = 17.14.36414.22
MinimumVisualStudioVersion = 10.0.40219.1
Project("{FAE04EC0-301F-11D3-BF4B-00C04F79EFBC}") = "ManageDebts.Presentation", "src\ManageDebts.Presentation\ManageDebts.Presentation.csproj", "{D8CA4710-0F4A-4A1B-9205-E88A033A4758}"
EndProject
Project("{FAE04EC0-301F-11D3-BF4B-00C04F79EFBC}") = "ManageDebts.Domain", "src\ManageDebts.Domain\ManageDebts.Domain.csproj", "{2738F30E-BCB1-4903-9C84-D2208B194CED}"
EndProject
Project("{FAE04EC0-301F-11D3-BF4B-00C04F79EFBC}") = "ManageDebts.Application", "src\ManageDebts.Application\ManageDebts.Application.csproj", "{E6969E16-CC39-40E0-BB02-88B6D7FECC73}"
EndProject
Project("{FAE04EC0-301F-11D3-BF4B-00C04F79EFBC}") = "ManageDebts.Infrastructure", "src\ManageDebts.Infrastructure\ManageDebts.Infrastructure.csproj", "{72A2776D-DDB5-48FC-BF25-9DEDBB24E42C}"
EndProject
Project("{E24C65DC-7377-472B-9ABA-BC803B73C61A}") = "ManageDebts.Web", "frontend\ManageDebts.Web\", "{CBEDD253-7297-F1B0-728C-D840A89EAF18}"
	ProjectSection(WebsiteProperties) = preProject
		TargetFrameworkMoniker = ".NETFramework,Version%3Dv4.0"
		Debug.AspNetCompiler.VirtualPath = "/localhost_55729"
		Debug.AspNetCompiler.PhysicalPath = "frontend\ManageDebts.Web\"
		Debug.AspNetCompiler.TargetPath = "PrecompiledWeb\localhost_55729\"
		Debug.AspNetCompiler.Updateable = "true"
		Debug.AspNetCompiler.ForceOverwrite = "true"
		Debug.AspNetCompiler.FixedNames = "false"
		Debug.AspNetCompiler.Debug = "True"
		Release.AspNetCompiler.VirtualPath = "/localhost_55729"
		Release.AspNetCompiler.PhysicalPath = "frontend\ManageDebts.Web\"
		Release.AspNetCompiler.TargetPath = "PrecompiledWeb\localhost_55729\"
		Release.AspNetCompiler.Updateable = "true"
		Release.AspNetCompiler.ForceOverwrite = "true"
		Release.AspNetCompiler.FixedNames = "false"
		Release.AspNetCompiler.Debug = "False"
		VWDPort = "55729"
		SlnRelativePath = "frontend\ManageDebts.Web\"
	EndProjectSection
EndProject
Project("{FAE04EC0-301F-11D3-BF4B-00C04F79EFBC}") = "ManageDebts.Application.Tests", "test\ManageDebts.Application.Tests\ManageDebts.Application.Tests.csproj", "{D85D04EA-0504-4284-810B-38FCF4CD7381}"
EndProject
Project("{FAE04EC0-301F-11D3-BF4B-00C04F79EFBC}") = "ManageDebts.Presentation.IntegrationTests", "test\ManageDebts.Presentation.IntegrationTests\ManageDebts.Presentation.IntegrationTests.csproj", "{46D33875-BE60-4573-AB40-C46602A9D1A9}"
EndProject
Global
	GlobalSection(SolutionConfigurationPlatforms) = preSolution
		Debug|Any CPU = Debug|Any CPU
		Release|Any CPU = Release|Any CPU
	EndGlobalSection
	GlobalSection(ProjectConfigurationPlatforms) = postSolution
		{D8CA4710-0F4A-4A1B-9205-E88A033A4758}.Debug|Any CPU.ActiveCfg = Debug|Any CPU
		{D8CA4710-0F4A-4A1B-9205-E88A033A4758}.Debug|Any CPU.Build.0 = Debug|Any CPU
		{D8CA4710-0F4A-4A1B-9205-E88A033A4758}.Release|Any CPU.ActiveCfg = Release|Any CPU
		{D8CA4710-0F4A-4A1B-9205-E88A033A4758}.Release|Any CPU.Build.0 = Release|Any CPU
		{2738F30E-BCB1-4903-9C84-D2208B194CED}.Debug|Any CPU.ActiveCfg = Debug|Any CPU
		{2738F30E-BCB1-4903-9C84-D2208B194CED}.Debug|Any CPU.Build.0 = Debug|Any CPU
		{2738F30E-BCB1-4903-9C84-D2208B194CED}.Release|Any CPU.ActiveCfg = Release|Any CPU
		{2738F30E-BCB1-4903-9C84-D2208B194CED}.Release|Any CPU.Build.0 = Release|Any CPU
		{E6969E16-CC39-40E0-BB02-88B6D7FECC73}.Debug|Any CPU.ActiveCfg = Debug|Any CPU
		{E6969E16-CC39-40E0-BB02-88B6D7FECC73}.Debug|Any CPU.Build.0 = Debug|Any CPU
		{E6969E16-CC39-40E0-BB02-88B6D7FECC73}.Release|Any CPU.ActiveCfg = Release|Any CPU
		{E6969E16-CC39-40E0-BB02-88B6D7FECC73}.Release|Any CPU.Build.0 = Release|Any CPU
		{72A2776D-DDB5-48FC-BF25-9DEDBB24E42C}.Debug|Any CPU.ActiveCfg = Debug|Any CPU
		{72A2776D-DDB5-48FC-BF25-9DEDBB24E42C}.Debug|Any CPU.Build.0 = Debug|Any CPU
		{72A2776D-DDB5-48FC-BF25-9DEDBB24E42C}.Release|Any CPU.ActiveCfg = Release|Any CPU
		{72A2776D-DDB5-48FC-BF25-9DEDBB24E42C}.Release|Any CPU.Build.0 = Release|Any CPU
		{CBEDD253-7297-F1B0-728C-D840A89EAF18}.Debug|Any CPU.ActiveCfg = Debug|Any CPU
		{CBEDD253-7297-F1B0-728C-D840A89EAF18}.Debug|Any CPU.Build.0 = Debug|Any CPU
		{CBEDD253-7297-F1B0-728C-D840A89EAF18}.Release|Any CPU.ActiveCfg = Debug|Any CPU
		{CBEDD253-7297-F1B0-728C-D840A89EAF18}.Release|Any CPU.Build.0 = Debug|Any CPU
		{D85D04EA-0504-4284-810B-38FCF4CD7381}.Debug|Any CPU.ActiveCfg = Debug|Any CPU
		{D85D04EA-0504-4284-810B-38FCF4CD7381}.Debug|Any CPU.Build.0 = Debug|Any CPU
		{D85D04EA-0504-4284-810B-38FCF4CD7381}.Release|Any CPU.ActiveCfg = Release|Any CPU
		{D85D04EA-0504-4284-810B-38FCF4CD7381}.Release|Any CPU.Build.0 = Release|Any CPU
		{46D33875-BE60-4573-AB40-C46602A9D1A9}.Debug|Any CPU.ActiveCfg = Debug|Any CPU
		{46D33875-BE60-4573-AB40-C46602A9D1A9}.Debug|Any CPU.Build.0 = Debug|Any CPU
		{46D33875-BE60-4573-AB40-C46602A9D1A9}.Release|Any CPU.ActiveCfg = Release|Any CPU
		{46D33875-BE60-4573-AB40-C46602A9D1A9}.Release|Any CPU.Build.0 = Release|Any CPU
	EndGlobalSection
	GlobalSection(SolutionProperties) = preSolution
		HideSolutionNode = FALSE
	EndGlobalSection
	GlobalSection(ExtensibilityGlobals) = postSolution
		SolutionGuid = {28027F44-D841-408F-B37D-6A7E5FE0839B}
	EndGlobalSection
EndGlobal
